
Microsoft Visual Studio Solution File, Format Version 12.00
# Visual Studio 15
VisualStudioVersion = 15.0.28307.329
MinimumVisualStudioVersion = 10.0.40219.1
Project("{9A19103F-16F7-4668-BE54-9A1E7A4F7556}") = "HotelRoomBookingAdminAPI", "HotelRoomBookingAdminAPI\HotelRoomBookingAdminAPI.csproj", "{A05FCFEE-A3A9-4A43-A2CE-E557BB3866F3}"
EndProject
Project("{9A19103F-16F7-4668-BE54-9A1E7A4F7556}") = "WebApplication1", "WebApplication1\WebApplication1.csproj", "{D98D115F-638E-41A4-A17A-461C19B0DEF5}"
EndProject
Project("{FAE04EC0-301F-11D3-BF4B-00C04F79EFBC}") = "HotelRoomBookingAdminAPI.Tests", "HotelRoomBookingAdminAPI.Tests\HotelRoomBookingAdminAPI.Tests.csproj", "{1152EE52-C9A5-46AC-B7FF-758FF41A7CCA}"
EndProject
Global
	GlobalSection(SolutionConfigurationPlatforms) = preSolution
		Debug|Any CPU = Debug|Any CPU
		Release|Any CPU = Release|Any CPU
	EndGlobalSection
	GlobalSection(ProjectConfigurationPlatforms) = postSolution
		{A05FCFEE-A3A9-4A43-A2CE-E557BB3866F3}.Debug|Any CPU.ActiveCfg = Debug|Any CPU
		{A05FCFEE-A3A9-4A43-A2CE-E557BB3866F3}.Debug|Any CPU.Build.0 = Debug|Any CPU
		{A05FCFEE-A3A9-4A43-A2CE-E557BB3866F3}.Release|Any CPU.ActiveCfg = Release|Any CPU
		{A05FCFEE-A3A9-4A43-A2CE-E557BB3866F3}.Release|Any CPU.Build.0 = Release|Any CPU
		{D98D115F-638E-41A4-A17A-461C19B0DEF5}.Debug|Any CPU.ActiveCfg = Debug|Any CPU
		{D98D115F-638E-41A4-A17A-461C19B0DEF5}.Debug|Any CPU.Build.0 = Debug|Any CPU
		{D98D115F-638E-41A4-A17A-461C19B0DEF5}.Release|Any CPU.ActiveCfg = Release|Any CPU
		{D98D115F-638E-41A4-A17A-461C19B0DEF5}.Release|Any CPU.Build.0 = Release|Any CPU
		{1152EE52-C9A5-46AC-B7FF-758FF41A7CCA}.Debug|Any CPU.ActiveCfg = Debug|Any CPU
		{1152EE52-C9A5-46AC-B7FF-758FF41A7CCA}.Debug|Any CPU.Build.0 = Debug|Any CPU
		{1152EE52-C9A5-46AC-B7FF-758FF41A7CCA}.Release|Any CPU.ActiveCfg = Release|Any CPU
		{1152EE52-C9A5-46AC-B7FF-758FF41A7CCA}.Release|Any CPU.Build.0 = Release|Any CPU
	EndGlobalSection
	GlobalSection(SolutionProperties) = preSolution
		HideSolutionNode = FALSE
	EndGlobalSection
	GlobalSection(ExtensibilityGlobals) = postSolution
		SolutionGuid = {5E1C4E81-5F7F-4769-B3B4-E532FE20AB74}
	EndGlobalSection
EndGlobal
